
Microsoft Visual Studio Solution File, Format Version 12.00
# Visual Studio 15
VisualStudioVersion = 15.0.26730.3
MinimumVisualStudioVersion = 10.0.40219.1
Project("{FAE04EC0-301F-11D3-BF4B-00C04F79EFBC}") = "Lab09New4", "Lab09New4\Lab09New4.csproj", "{DB4B4F65-06FA-46B5-BA6A-2DC4BDCC2684}"
EndProject
Global
	GlobalSection(SolutionConfigurationPlatforms) = preSolution
		Debug|Any CPU = Debug|Any CPU
		Release|Any CPU = Release|Any CPU
	EndGlobalSection
	GlobalSection(ProjectConfigurationPlatforms) = postSolution
		{DB4B4F65-06FA-46B5-BA6A-2DC4BDCC2684}.Debug|Any CPU.ActiveCfg = Debug|Any CPU
		{DB4B4F65-06FA-46B5-BA6A-2DC4BDCC2684}.Debug|Any CPU.Build.0 = Debug|Any CPU
		{DB4B4F65-06FA-46B5-BA6A-2DC4BDCC2684}.Release|Any CPU.ActiveCfg = Release|Any CPU
		{DB4B4F65-06FA-46B5-BA6A-2DC4BDCC2684}.Release|Any CPU.Build.0 = Release|Any CPU
	EndGlobalSection
	GlobalSection(SolutionProperties) = preSolution
		HideSolutionNode = FALSE
	EndGlobalSection
	GlobalSection(ExtensibilityGlobals) = postSolution
		SolutionGuid = {484F0427-E7E7-4D3D-94DB-066FD37F0959}
	EndGlobalSection
EndGlobal
